
Microsoft Visual Studio Solution File, Format Version 12.00
# Visual Studio Version 17
VisualStudioVersion = 17.7.34202.233
MinimumVisualStudioVersion = 10.0.40219.1
Project("{8BC9CEB8-8B4A-11D0-8D11-00A0C91BC942}") = "auto_project", "auto_project\auto_project.vcxproj", "{94222C4B-7385-4BB9-B01B-371E4344899F}"
EndProject
Global
	GlobalSection(SolutionConfigurationPlatforms) = preSolution
		Debug|x64 = Debug|x64
		Debug|x86 = Debug|x86
		Release|x64 = Release|x64
		Release|x86 = Release|x86
	EndGlobalSection
	GlobalSection(ProjectConfigurationPlatforms) = postSolution
		{94222C4B-7385-4BB9-B01B-371E4344899F}.Debug|x64.ActiveCfg = Debug|x64
		{94222C4B-7385-4BB9-B01B-371E4344899F}.Debug|x64.Build.0 = Debug|x64
		{94222C4B-7385-4BB9-B01B-371E4344899F}.Debug|x86.ActiveCfg = Debug|Win32
		{94222C4B-7385-4BB9-B01B-371E4344899F}.Debug|x86.Build.0 = Debug|Win32
		{94222C4B-7385-4BB9-B01B-371E4344899F}.Release|x64.ActiveCfg = Release|x64
		{94222C4B-7385-4BB9-B01B-371E4344899F}.Release|x64.Build.0 = Release|x64
		{94222C4B-7385-4BB9-B01B-371E4344899F}.Release|x86.ActiveCfg = Release|Win32
		{94222C4B-7385-4BB9-B01B-371E4344899F}.Release|x86.Build.0 = Release|Win32
	EndGlobalSection
	GlobalSection(SolutionProperties) = preSolution
		HideSolutionNode = FALSE
	EndGlobalSection
	GlobalSection(ExtensibilityGlobals) = postSolution
		SolutionGuid = {CAEF45B5-FA06-49CA-8C2A-7C25F290B175}
	EndGlobalSection
EndGlobal
